
Microsoft Visual Studio Solution File, Format Version 12.00
# Visual Studio Version 16
VisualStudioVersion = 16.0.30523.141
MinimumVisualStudioVersion = 10.0.40219.1
Project("{FAE04EC0-301F-11D3-BF4B-00C04F79EFBC}") = "BlackMesa", "BlackMesa.csproj", "{F32A1496-D8F5-4482-A3CF-D82113D90502}"
EndProject
Global
	GlobalSection(SolutionConfigurationPlatforms) = preSolution
		Debug|Any CPU = Debug|Any CPU
		Release|Any CPU = Release|Any CPU
	EndGlobalSection
	GlobalSection(ProjectConfigurationPlatforms) = postSolution
		{F32A1496-D8F5-4482-A3CF-D82113D90502}.Debug|Any CPU.ActiveCfg = Debug|Any CPU
		{F32A1496-D8F5-4482-A3CF-D82113D90502}.Debug|Any CPU.Build.0 = Debug|Any CPU
		{F32A1496-D8F5-4482-A3CF-D82113D90502}.Release|Any CPU.ActiveCfg = Release|Any CPU
		{F32A1496-D8F5-4482-A3CF-D82113D90502}.Release|Any CPU.Build.0 = Release|Any CPU
	EndGlobalSection
	GlobalSection(SolutionProperties) = preSolution
		HideSolutionNode = FALSE
	EndGlobalSection
	GlobalSection(ExtensibilityGlobals) = postSolution
		SolutionGuid = {D7A382E4-CF63-4107-9872-5088C7D6F805}
	EndGlobalSection
EndGlobal
